name: Update yarn.lock
on:
  schedule:
    # Tuesdays at 15:00 UTC
    - cron:  '0 15 * * 2'
  # enable the workflow to be triggered manually
  workflow_dispatch:
jobs:
  update-yarn-lock:
    runs-on: ubuntu-latest
    steps:
      - name: Checkout branch
        uses: actions/checkout@v3
      - name: Setup Node
        uses: actions/setup-node@v3
        with:
          node-version: 18
      - name: Update dependencies
        run: |
          rm yarn.lock
          yarn install
      - name: Generate hash of lockfile
        run: |
          BRANCH=github-actions/regenerate-yarn-lock-${{ hashFiles('yarn.lock') }}
          echo "branch=$BRANCH" >> "$GITHUB_ENV"
      - name: Commit changes
        # https://github.com/actions/checkout#push-a-commit-using-the-built-in-token
        run: |
          git config user.name github-actions
          git config user.email github-actions@github.com
          git checkout -b ${{ env.branch }}
          git add .
          git commit -m "Regenerate yarn.lock"
          git push
      - name: Create pull request
        uses: actions/github-script@v6
        with:
          script: |
            const { repo, owner } = context.repo;
            const result = await github.rest.pulls.create({
              title: 'Regenerate yarn.lock',
              owner,
              repo,
              head: '${{ env.branch }}',
              base: 'main',
              body: [
                'This is an update to our indirect dependencies. If the build passes, it should be good to merge.',
                '',
                'Happy coding!',
              ].join('\n')
            });
            github.rest.issues.addLabels({
              owner,
              repo,
              issue_number: result.data.number,
              labels: ['Dependencies']
            });
